
Microsoft Visual Studio Solution File, Format Version 12.00
# Visual Studio Version 17
VisualStudioVersion = 17.1.32210.238
MinimumVisualStudioVersion = 10.0.40219.1
Project("{FAE04EC0-301F-11D3-BF4B-00C04F79EFBC}") = "calc_pro", "calc_pro\calc_pro.csproj", "{BEA531E4-E6B2-40B6-AFC7-B0EF0D93F4DD}"
EndProject
Global
	GlobalSection(SolutionConfigurationPlatforms) = preSolution
		Debug|Any CPU = Debug|Any CPU
		Release|Any CPU = Release|Any CPU
	EndGlobalSection
	GlobalSection(ProjectConfigurationPlatforms) = postSolution
		{BEA531E4-E6B2-40B6-AFC7-B0EF0D93F4DD}.Debug|Any CPU.ActiveCfg = Debug|Any CPU
		{BEA531E4-E6B2-40B6-AFC7-B0EF0D93F4DD}.Debug|Any CPU.Build.0 = Debug|Any CPU
		{BEA531E4-E6B2-40B6-AFC7-B0EF0D93F4DD}.Release|Any CPU.ActiveCfg = Release|Any CPU
		{BEA531E4-E6B2-40B6-AFC7-B0EF0D93F4DD}.Release|Any CPU.Build.0 = Release|Any CPU
	EndGlobalSection
	GlobalSection(SolutionProperties) = preSolution
		HideSolutionNode = FALSE
	EndGlobalSection
	GlobalSection(ExtensibilityGlobals) = postSolution
		SolutionGuid = {F3BC35AF-D45C-4374-8466-673DA6926128}
	EndGlobalSection
EndGlobal
